// !$*UTF8*$!
{
	archiveVersion = 1;
	classes = {
	};
	objectVersion = 52;
	objects = {

/* Begin PBXBuildFile section */
		4A22D9F9270E138200E8DA7E /* DescriptionView.swift in Sources */ = {isa = PBXBuildFile; fileRef = 4A22D9F8270E138200E8DA7E /* DescriptionView.swift */; };
		4A22D9FB270E15E700E8DA7E /* SubmitButtonView.swift in Sources */ = {isa = PBXBuildFile; fileRef = 4A22D9FA270E15E700E8DA7E /* SubmitButtonView.swift */; };
		4A22D9FD270E17F700E8DA7E /* SubjectView.swift in Sources */ = {isa = PBXBuildFile; fileRef = 4A22D9FC270E17F700E8DA7E /* SubjectView.swift */; };
		4A22D9FF270E231B00E8DA7E /* RequestModel.swift in Sources */ = {isa = PBXBuildFile; fileRef = 4A22D9FE270E231B00E8DA7E /* RequestModel.swift */; };
		4A29D5982702601D00D25088 /* MatchingController.swift in Sources */ = {isa = PBXBuildFile; fileRef = 4A29D5972702601D00D25088 /* MatchingController.swift */; };
		4A29D59A2702602700D25088 /* ChatController.swift in Sources */ = {isa = PBXBuildFile; fileRef = 4A29D5992702602700D25088 /* ChatController.swift */; };
		4A29D59C2702603200D25088 /* RequestController.swift in Sources */ = {isa = PBXBuildFile; fileRef = 4A29D59B2702603200D25088 /* RequestController.swift */; };
		4A2DFD3C27078BA600332EE2 /* PreferredMediumView.swift in Sources */ = {isa = PBXBuildFile; fileRef = 4A2DFD3B27078BA600332EE2 /* PreferredMediumView.swift */; };
		4A386F3B270F3E2F002BEC06 /* RequestManager.swift in Sources */ = {isa = PBXBuildFile; fileRef = 4A386F3A270F3E2F002BEC06 /* RequestManager.swift */; };
		4A4CB600270BA47C00D7D215 /* PointsView.swift in Sources */ = {isa = PBXBuildFile; fileRef = 4A4CB5FF270BA47C00D7D215 /* PointsView.swift */; };
		4AA06BFA2704E4FF00B58926 /* RequestScrollView.swift in Sources */ = {isa = PBXBuildFile; fileRef = 4AA06BF92704E4FF00B58926 /* RequestScrollView.swift */; };
		4ABAC5D3270A0D2E00CBB85B /* UrgencyView.swift in Sources */ = {isa = PBXBuildFile; fileRef = 4ABAC5D2270A0D2E00CBB85B /* UrgencyView.swift */; };
		4AC9501526ED771F00FC4A97 /* TutorTradeTabBarController.swift in Sources */ = {isa = PBXBuildFile; fileRef = 4AC9501426ED771F00FC4A97 /* TutorTradeTabBarController.swift */; };
		4AC9501D26ED771F00FC4A97 /* LaunchScreen.storyboard in Resources */ = {isa = PBXBuildFile; fileRef = 4AC9501B26ED771F00FC4A97 /* LaunchScreen.storyboard */; };
		4AC9502826ED771F00FC4A97 /* TutorTradeTests.swift in Sources */ = {isa = PBXBuildFile; fileRef = 4AC9502726ED771F00FC4A97 /* TutorTradeTests.swift */; };
		4AC9503326ED771F00FC4A97 /* TutorTradeUITests.swift in Sources */ = {isa = PBXBuildFile; fileRef = 4AC9503226ED771F00FC4A97 /* TutorTradeUITests.swift */; };
		5E7EA99D2718E08A0066B189 /* Lato-Black.ttf in Resources */ = {isa = PBXBuildFile; fileRef = 5E7EA99C2718E08A0066B189 /* Lato-Black.ttf */; };
		5E7EA99F2718E0900066B189 /* Lato-BlackItalic.ttf in Resources */ = {isa = PBXBuildFile; fileRef = 5E7EA99E2718E0900066B189 /* Lato-BlackItalic.ttf */; };
		5E7EA9A12718E09B0066B189 /* Lato-Bold.ttf in Resources */ = {isa = PBXBuildFile; fileRef = 5E7EA9A02718E09B0066B189 /* Lato-Bold.ttf */; };
		5E7EA9A32718E0A40066B189 /* Lato-BoldItalic.ttf in Resources */ = {isa = PBXBuildFile; fileRef = 5E7EA9A22718E0A40066B189 /* Lato-BoldItalic.ttf */; };
		5E7EA9A52718E3250066B189 /* TutorProfileManager.swift in Sources */ = {isa = PBXBuildFile; fileRef = 5E7EA9A42718E3250066B189 /* TutorProfileManager.swift */; };
		5E7EA9AE2718E3C30066B189 /* AppDisplaySettings.swift in Sources */ = {isa = PBXBuildFile; fileRef = 5E7EA9AB2718E3C30066B189 /* AppDisplaySettings.swift */; };
		5E7EA9AF2718E3C30066B189 /* TutorProfile.swift in Sources */ = {isa = PBXBuildFile; fileRef = 5E7EA9AD2718E3C30066B189 /* TutorProfile.swift */; };
		5E7EA9B12718E45B0066B189 /* TutorTradeApplication.swift in Sources */ = {isa = PBXBuildFile; fileRef = 5E7EA9B02718E45A0066B189 /* TutorTradeApplication.swift */; };
		5E7EA9B32718E49A0066B189 /* Properties.swift in Sources */ = {isa = PBXBuildFile; fileRef = 5E7EA9B22718E49A0066B189 /* Properties.swift */; };
		5E7EA9B52718E4EA0066B189 /* Assets.xcassets in Resources */ = {isa = PBXBuildFile; fileRef = 5E7EA9B42718E4EA0066B189 /* Assets.xcassets */; };
		5E7EA9BD2718E5EC0066B189 /* ProfileController.swift in Sources */ = {isa = PBXBuildFile; fileRef = 5E7EA9BC2718E5EC0066B189 /* ProfileController.swift */; };
		5E7EA9DC2718E6800066B189 /* TutoringSubjectsScrollView.swift in Sources */ = {isa = PBXBuildFile; fileRef = 5E7EA9CD2718E6800066B189 /* TutoringSubjectsScrollView.swift */; };
		5E7EA9DD2718E6800066B189 /* NameAndRatingLabel.swift in Sources */ = {isa = PBXBuildFile; fileRef = 5E7EA9CE2718E6800066B189 /* NameAndRatingLabel.swift */; };
		5E7EA9DE2718E6800066B189 /* BorderedDisplayBox.swift in Sources */ = {isa = PBXBuildFile; fileRef = 5E7EA9CF2718E6800066B189 /* BorderedDisplayBox.swift */; };
		5E7EA9DF2718E6800066B189 /* CircularBorderedImageView.swift in Sources */ = {isa = PBXBuildFile; fileRef = 5E7EA9D02718E6800066B189 /* CircularBorderedImageView.swift */; };
		5E7EA9E02718E6800066B189 /* ProfilePageFactory.swift in Sources */ = {isa = PBXBuildFile; fileRef = 5E7EA9D22718E6800066B189 /* ProfilePageFactory.swift */; };
		5E7EA9E32718E6910066B189 /* CoreGraphics.swift in Sources */ = {isa = PBXBuildFile; fileRef = 5E7EA9E22718E6910066B189 /* CoreGraphics.swift */; };
		5E7EA9E52718E7480066B189 /* Roboto-Bold.ttf in Resources */ = {isa = PBXBuildFile; fileRef = 5E7EA9E42718E7020066B189 /* Roboto-Bold.ttf */; };
		5E7EA9E7271900AE0066B189 /* DisplaySettingsManager.swift in Sources */ = {isa = PBXBuildFile; fileRef = 5E7EA9E6271900AE0066B189 /* DisplaySettingsManager.swift */; };
		5E7EA9EB271A52B40066B189 /* SubjectsResponse.swift in Sources */ = {isa = PBXBuildFile; fileRef = 5E7EA9EA271A52B40066B189 /* SubjectsResponse.swift */; };
		5ECB1D8827025277005BDD89 /* Dosis-SemiBold.ttf in Resources */ = {isa = PBXBuildFile; fileRef = 5ECB1D8127025276005BDD89 /* Dosis-SemiBold.ttf */; };
		5ECB1D8927025277005BDD89 /* Dosis-ExtraBold.ttf in Resources */ = {isa = PBXBuildFile; fileRef = 5ECB1D8227025276005BDD89 /* Dosis-ExtraBold.ttf */; };
		5ECB1D8A27025277005BDD89 /* Dosis-Light.ttf in Resources */ = {isa = PBXBuildFile; fileRef = 5ECB1D8327025276005BDD89 /* Dosis-Light.ttf */; };
		5ECB1D8B27025277005BDD89 /* Dosis-Medium.ttf in Resources */ = {isa = PBXBuildFile; fileRef = 5ECB1D8427025276005BDD89 /* Dosis-Medium.ttf */; };
		5ECB1D8C27025277005BDD89 /* Dosis-Bold.ttf in Resources */ = {isa = PBXBuildFile; fileRef = 5ECB1D8527025276005BDD89 /* Dosis-Bold.ttf */; };
		5ECB1D8D27025277005BDD89 /* Dosis-ExtraLight.ttf in Resources */ = {isa = PBXBuildFile; fileRef = 5ECB1D8627025277005BDD89 /* Dosis-ExtraLight.ttf */; };
		5ECB1D8E27025277005BDD89 /* Dosis-Regular.ttf in Resources */ = {isa = PBXBuildFile; fileRef = 5ECB1D8727025277005BDD89 /* Dosis-Regular.ttf */; };
		5EF5C44C2720FB2100C74ADF /* Auth0 in Frameworks */ = {isa = PBXBuildFile; productRef = 5EF5C44B2720FB2100C74ADF /* Auth0 */; };
		5EF5C44E2720FE5C00C74ADF /* Auth0.plist in Resources */ = {isa = PBXBuildFile; fileRef = 5EF5C44D2720FE5C00C74ADF /* Auth0.plist */; };
		5EF5C4522726F72300C74ADF /* SchoolSelectionViewController.swift in Sources */ = {isa = PBXBuildFile; fileRef = 5EF5C4512726F72300C74ADF /* SchoolSelectionViewController.swift */; };
		5EF5C4542727517000C74ADF /* SchoolSelectionViewFactory.swift in Sources */ = {isa = PBXBuildFile; fileRef = 5EF5C4532727517000C74ADF /* SchoolSelectionViewFactory.swift */; };
/* End PBXBuildFile section */

/* Begin PBXContainerItemProxy section */
		4AC9502426ED771F00FC4A97 /* PBXContainerItemProxy */ = {
			isa = PBXContainerItemProxy;
			containerPortal = 4AC9500526ED771F00FC4A97 /* Project object */;
			proxyType = 1;
			remoteGlobalIDString = 4AC9500C26ED771F00FC4A97;
			remoteInfo = TutorTrade;
		};
		4AC9502F26ED771F00FC4A97 /* PBXContainerItemProxy */ = {
			isa = PBXContainerItemProxy;
			containerPortal = 4AC9500526ED771F00FC4A97 /* Project object */;
			proxyType = 1;
			remoteGlobalIDString = 4AC9500C26ED771F00FC4A97;
			remoteInfo = TutorTrade;
		};
/* End PBXContainerItemProxy section */

/* Begin PBXFileReference section */
		4A22D9F8270E138200E8DA7E /* DescriptionView.swift */ = {isa = PBXFileReference; lastKnownFileType = sourcecode.swift; path = DescriptionView.swift; sourceTree = "<group>"; };
		4A22D9FA270E15E700E8DA7E /* SubmitButtonView.swift */ = {isa = PBXFileReference; lastKnownFileType = sourcecode.swift; name = SubmitButtonView.swift; path = TutorTrade/Controllers/Request/SubmitButtonView.swift; sourceTree = "<group>"; };
		4A22D9FC270E17F700E8DA7E /* SubjectView.swift */ = {isa = PBXFileReference; lastKnownFileType = sourcecode.swift; path = SubjectView.swift; sourceTree = "<group>"; };
		4A22D9FE270E231B00E8DA7E /* RequestModel.swift */ = {isa = PBXFileReference; lastKnownFileType = sourcecode.swift; path = RequestModel.swift; sourceTree = "<group>"; };
		4A29D5972702601D00D25088 /* MatchingController.swift */ = {isa = PBXFileReference; lastKnownFileType = sourcecode.swift; path = MatchingController.swift; sourceTree = "<group>"; };
		4A29D5992702602700D25088 /* ChatController.swift */ = {isa = PBXFileReference; lastKnownFileType = sourcecode.swift; path = ChatController.swift; sourceTree = "<group>"; };
		4A29D59B2702603200D25088 /* RequestController.swift */ = {isa = PBXFileReference; lastKnownFileType = sourcecode.swift; path = RequestController.swift; sourceTree = "<group>"; };
		4A2DFD3B27078BA600332EE2 /* PreferredMediumView.swift */ = {isa = PBXFileReference; lastKnownFileType = sourcecode.swift; path = PreferredMediumView.swift; sourceTree = "<group>"; };
		4A386F3A270F3E2F002BEC06 /* RequestManager.swift */ = {isa = PBXFileReference; lastKnownFileType = sourcecode.swift; path = RequestManager.swift; sourceTree = "<group>"; };
		4A4CB5FF270BA47C00D7D215 /* PointsView.swift */ = {isa = PBXFileReference; lastKnownFileType = sourcecode.swift; path = PointsView.swift; sourceTree = "<group>"; };
		4AA06BF92704E4FF00B58926 /* RequestScrollView.swift */ = {isa = PBXFileReference; lastKnownFileType = sourcecode.swift; path = RequestScrollView.swift; sourceTree = "<group>"; };
		4ABAC5D2270A0D2E00CBB85B /* UrgencyView.swift */ = {isa = PBXFileReference; lastKnownFileType = sourcecode.swift; path = UrgencyView.swift; sourceTree = "<group>"; };
		4AC9500D26ED771F00FC4A97 /* TutorTrade.app */ = {isa = PBXFileReference; explicitFileType = wrapper.application; includeInIndex = 0; path = TutorTrade.app; sourceTree = BUILT_PRODUCTS_DIR; };
		4AC9501426ED771F00FC4A97 /* TutorTradeTabBarController.swift */ = {isa = PBXFileReference; lastKnownFileType = sourcecode.swift; path = TutorTradeTabBarController.swift; sourceTree = "<group>"; };
		4AC9501C26ED771F00FC4A97 /* Base */ = {isa = PBXFileReference; lastKnownFileType = file.storyboard; name = Base; path = Base.lproj/LaunchScreen.storyboard; sourceTree = "<group>"; };
		4AC9501E26ED771F00FC4A97 /* Info.plist */ = {isa = PBXFileReference; lastKnownFileType = text.plist.xml; path = Info.plist; sourceTree = "<group>"; };
		4AC9502326ED771F00FC4A97 /* TutorTradeTests.xctest */ = {isa = PBXFileReference; explicitFileType = wrapper.cfbundle; includeInIndex = 0; path = TutorTradeTests.xctest; sourceTree = BUILT_PRODUCTS_DIR; };
		4AC9502726ED771F00FC4A97 /* TutorTradeTests.swift */ = {isa = PBXFileReference; lastKnownFileType = sourcecode.swift; path = TutorTradeTests.swift; sourceTree = "<group>"; };
		4AC9502926ED771F00FC4A97 /* Info.plist */ = {isa = PBXFileReference; lastKnownFileType = text.plist.xml; path = Info.plist; sourceTree = "<group>"; };
		4AC9502E26ED771F00FC4A97 /* TutorTradeUITests.xctest */ = {isa = PBXFileReference; explicitFileType = wrapper.cfbundle; includeInIndex = 0; path = TutorTradeUITests.xctest; sourceTree = BUILT_PRODUCTS_DIR; };
		4AC9503226ED771F00FC4A97 /* TutorTradeUITests.swift */ = {isa = PBXFileReference; lastKnownFileType = sourcecode.swift; path = TutorTradeUITests.swift; sourceTree = "<group>"; };
		4AC9503426ED771F00FC4A97 /* Info.plist */ = {isa = PBXFileReference; lastKnownFileType = text.plist.xml; path = Info.plist; sourceTree = "<group>"; };
		5E7EA99C2718E08A0066B189 /* Lato-Black.ttf */ = {isa = PBXFileReference; lastKnownFileType = file; path = "Lato-Black.ttf"; sourceTree = "<group>"; };
		5E7EA99E2718E0900066B189 /* Lato-BlackItalic.ttf */ = {isa = PBXFileReference; lastKnownFileType = file; path = "Lato-BlackItalic.ttf"; sourceTree = "<group>"; };
		5E7EA9A02718E09B0066B189 /* Lato-Bold.ttf */ = {isa = PBXFileReference; lastKnownFileType = file; path = "Lato-Bold.ttf"; sourceTree = "<group>"; };
		5E7EA9A22718E0A40066B189 /* Lato-BoldItalic.ttf */ = {isa = PBXFileReference; lastKnownFileType = file; path = "Lato-BoldItalic.ttf"; sourceTree = "<group>"; };
		5E7EA9A42718E3250066B189 /* TutorProfileManager.swift */ = {isa = PBXFileReference; fileEncoding = 4; lastKnownFileType = sourcecode.swift; path = TutorProfileManager.swift; sourceTree = "<group>"; };
		5E7EA9AB2718E3C30066B189 /* AppDisplaySettings.swift */ = {isa = PBXFileReference; fileEncoding = 4; lastKnownFileType = sourcecode.swift; path = AppDisplaySettings.swift; sourceTree = "<group>"; };
		5E7EA9AD2718E3C30066B189 /* TutorProfile.swift */ = {isa = PBXFileReference; fileEncoding = 4; lastKnownFileType = sourcecode.swift; path = TutorProfile.swift; sourceTree = "<group>"; };
		5E7EA9B02718E45A0066B189 /* TutorTradeApplication.swift */ = {isa = PBXFileReference; fileEncoding = 4; lastKnownFileType = sourcecode.swift; path = TutorTradeApplication.swift; sourceTree = "<group>"; };
		5E7EA9B22718E49A0066B189 /* Properties.swift */ = {isa = PBXFileReference; fileEncoding = 4; lastKnownFileType = sourcecode.swift; path = Properties.swift; sourceTree = "<group>"; };
		5E7EA9B42718E4EA0066B189 /* Assets.xcassets */ = {isa = PBXFileReference; lastKnownFileType = folder.assetcatalog; path = Assets.xcassets; sourceTree = "<group>"; };
		5E7EA9BC2718E5EC0066B189 /* ProfileController.swift */ = {isa = PBXFileReference; fileEncoding = 4; lastKnownFileType = sourcecode.swift; name = ProfileController.swift; path = "/Users/brockdavis/Desktop/CS/cop4331/poosd-project/frontend/TutorTrade/TutorTrade/Controllers/Profile/ProfileController.swift"; sourceTree = "<absolute>"; };
		5E7EA9CD2718E6800066B189 /* TutoringSubjectsScrollView.swift */ = {isa = PBXFileReference; fileEncoding = 4; lastKnownFileType = sourcecode.swift; path = TutoringSubjectsScrollView.swift; sourceTree = "<group>"; };
		5E7EA9CE2718E6800066B189 /* NameAndRatingLabel.swift */ = {isa = PBXFileReference; fileEncoding = 4; lastKnownFileType = sourcecode.swift; path = NameAndRatingLabel.swift; sourceTree = "<group>"; };
		5E7EA9CF2718E6800066B189 /* BorderedDisplayBox.swift */ = {isa = PBXFileReference; fileEncoding = 4; lastKnownFileType = sourcecode.swift; path = BorderedDisplayBox.swift; sourceTree = "<group>"; };
		5E7EA9D02718E6800066B189 /* CircularBorderedImageView.swift */ = {isa = PBXFileReference; fileEncoding = 4; lastKnownFileType = sourcecode.swift; path = CircularBorderedImageView.swift; sourceTree = "<group>"; };
		5E7EA9D22718E6800066B189 /* ProfilePageFactory.swift */ = {isa = PBXFileReference; fileEncoding = 4; lastKnownFileType = sourcecode.swift; path = ProfilePageFactory.swift; sourceTree = "<group>"; };
		5E7EA9E22718E6910066B189 /* CoreGraphics.swift */ = {isa = PBXFileReference; fileEncoding = 4; lastKnownFileType = sourcecode.swift; path = CoreGraphics.swift; sourceTree = "<group>"; };
		5E7EA9E42718E7020066B189 /* Roboto-Bold.ttf */ = {isa = PBXFileReference; lastKnownFileType = file; path = "Roboto-Bold.ttf"; sourceTree = "<group>"; };
		5E7EA9E6271900AE0066B189 /* DisplaySettingsManager.swift */ = {isa = PBXFileReference; lastKnownFileType = sourcecode.swift; path = DisplaySettingsManager.swift; sourceTree = "<group>"; };
		5E7EA9EA271A52B40066B189 /* SubjectsResponse.swift */ = {isa = PBXFileReference; lastKnownFileType = sourcecode.swift; path = SubjectsResponse.swift; sourceTree = "<group>"; };
		5ECB1D8127025276005BDD89 /* Dosis-SemiBold.ttf */ = {isa = PBXFileReference; lastKnownFileType = file; path = "Dosis-SemiBold.ttf"; sourceTree = "<group>"; };
		5ECB1D8227025276005BDD89 /* Dosis-ExtraBold.ttf */ = {isa = PBXFileReference; lastKnownFileType = file; path = "Dosis-ExtraBold.ttf"; sourceTree = "<group>"; };
		5ECB1D8327025276005BDD89 /* Dosis-Light.ttf */ = {isa = PBXFileReference; lastKnownFileType = file; path = "Dosis-Light.ttf"; sourceTree = "<group>"; };
		5ECB1D8427025276005BDD89 /* Dosis-Medium.ttf */ = {isa = PBXFileReference; lastKnownFileType = file; path = "Dosis-Medium.ttf"; sourceTree = "<group>"; };
		5ECB1D8527025276005BDD89 /* Dosis-Bold.ttf */ = {isa = PBXFileReference; lastKnownFileType = file; path = "Dosis-Bold.ttf"; sourceTree = "<group>"; };
		5ECB1D8627025277005BDD89 /* Dosis-ExtraLight.ttf */ = {isa = PBXFileReference; lastKnownFileType = file; path = "Dosis-ExtraLight.ttf"; sourceTree = "<group>"; };
		5ECB1D8727025277005BDD89 /* Dosis-Regular.ttf */ = {isa = PBXFileReference; lastKnownFileType = file; path = "Dosis-Regular.ttf"; sourceTree = "<group>"; };
		5EF5C44D2720FE5C00C74ADF /* Auth0.plist */ = {isa = PBXFileReference; lastKnownFileType = text.plist.xml; path = Auth0.plist; sourceTree = "<group>"; };
		5EF5C4512726F72300C74ADF /* SchoolSelectionViewController.swift */ = {isa = PBXFileReference; lastKnownFileType = sourcecode.swift; path = SchoolSelectionViewController.swift; sourceTree = "<group>"; };
		5EF5C4532727517000C74ADF /* SchoolSelectionViewFactory.swift */ = {isa = PBXFileReference; lastKnownFileType = sourcecode.swift; path = SchoolSelectionViewFactory.swift; sourceTree = "<group>"; };
/* End PBXFileReference section */

/* Begin PBXFrameworksBuildPhase section */
		4AC9500A26ED771F00FC4A97 /* Frameworks */ = {
			isa = PBXFrameworksBuildPhase;
			buildActionMask = 2147483647;
			files = (
				5EF5C44C2720FB2100C74ADF /* Auth0 in Frameworks */,
			);
			runOnlyForDeploymentPostprocessing = 0;
		};
		4AC9502026ED771F00FC4A97 /* Frameworks */ = {
			isa = PBXFrameworksBuildPhase;
			buildActionMask = 2147483647;
			files = (
			);
			runOnlyForDeploymentPostprocessing = 0;
		};
		4AC9502B26ED771F00FC4A97 /* Frameworks */ = {
			isa = PBXFrameworksBuildPhase;
			buildActionMask = 2147483647;
			files = (
			);
			runOnlyForDeploymentPostprocessing = 0;
		};
/* End PBXFrameworksBuildPhase section */

/* Begin PBXGroup section */
		4A29D58F27025F6800D25088 /* Request */ = {
			isa = PBXGroup;
			children = (
				4A29D59B2702603200D25088 /* RequestController.swift */,
				4AA06BF92704E4FF00B58926 /* RequestScrollView.swift */,
				4A22D9F8270E138200E8DA7E /* DescriptionView.swift */,
				4A22D9FC270E17F700E8DA7E /* SubjectView.swift */,
				4A2DFD3B27078BA600332EE2 /* PreferredMediumView.swift */,
				4ABAC5D2270A0D2E00CBB85B /* UrgencyView.swift */,
				4A4CB5FF270BA47C00D7D215 /* PointsView.swift */,
			);
			path = Request;
			sourceTree = "<group>";
		};
		4A29D59027025F6E00D25088 /* Chat */ = {
			isa = PBXGroup;
			children = (
				4A29D5992702602700D25088 /* ChatController.swift */,
			);
			path = Chat;
			sourceTree = "<group>";
		};
		4A29D59327025FA600D25088 /* Matching */ = {
			isa = PBXGroup;
			children = (
				4A29D5972702601D00D25088 /* MatchingController.swift */,
			);
			path = Matching;
			sourceTree = "<group>";
		};
		4A29D59427025FDE00D25088 /* Profile */ = {
			isa = PBXGroup;
			children = (
				5E7EA9BC2718E5EC0066B189 /* ProfileController.swift */,
				5EF5C4512726F72300C74ADF /* SchoolSelectionViewController.swift */,
			);
			path = Profile;
			sourceTree = "<group>";
		};
		4A386F39270F3E1F002BEC06 /* Managers */ = {
			isa = PBXGroup;
			children = (
				5E7EA9A42718E3250066B189 /* TutorProfileManager.swift */,
				4A386F3A270F3E2F002BEC06 /* RequestManager.swift */,
				5E7EA9E6271900AE0066B189 /* DisplaySettingsManager.swift */,
			);
			path = Managers;
			sourceTree = "<group>";
		};
		4AC9500426ED771F00FC4A97 = {
			isa = PBXGroup;
			children = (
				4A22D9FA270E15E700E8DA7E /* SubmitButtonView.swift */,
				5ECB1D8027025203005BDD89 /* Fonts */,
				4AC9500F26ED771F00FC4A97 /* TutorTrade */,
				4AC9502626ED771F00FC4A97 /* TutorTradeTests */,
				4AC9503126ED771F00FC4A97 /* TutorTradeUITests */,
				4AC9500E26ED771F00FC4A97 /* Products */,
			);
			sourceTree = "<group>";
		};
		4AC9500E26ED771F00FC4A97 /* Products */ = {
			isa = PBXGroup;
			children = (
				4AC9500D26ED771F00FC4A97 /* TutorTrade.app */,
				4AC9502326ED771F00FC4A97 /* TutorTradeTests.xctest */,
				4AC9502E26ED771F00FC4A97 /* TutorTradeUITests.xctest */,
			);
			name = Products;
			sourceTree = "<group>";
		};
		4AC9500F26ED771F00FC4A97 /* TutorTrade */ = {
			isa = PBXGroup;
			children = (
				5E7EA9E12718E6910066B189 /* Extensions */,
				5E7EA9C02718E6800066B189 /* Views */,
				5E7EA9B02718E45A0066B189 /* TutorTradeApplication.swift */,
				5E7EA9AA2718E3C30066B189 /* Model */,
				4A386F39270F3E1F002BEC06 /* Managers */,
				4AC9504526ED778200FC4A97 /* Storyboards */,
				4AC9504426ED776D00FC4A97 /* Models */,
				4AC9504226ED774000FC4A97 /* Resources */,
				4AC9504026ED772F00FC4A97 /* Controllers */,
				4AC9501E26ED771F00FC4A97 /* Info.plist */,
				5EF5C44D2720FE5C00C74ADF /* Auth0.plist */,
			);
			path = TutorTrade;
			sourceTree = "<group>";
		};
		4AC9502626ED771F00FC4A97 /* TutorTradeTests */ = {
			isa = PBXGroup;
			children = (
				4AC9502726ED771F00FC4A97 /* TutorTradeTests.swift */,
				4AC9502926ED771F00FC4A97 /* Info.plist */,
			);
			path = TutorTradeTests;
			sourceTree = "<group>";
		};
		4AC9503126ED771F00FC4A97 /* TutorTradeUITests */ = {
			isa = PBXGroup;
			children = (
				4AC9503226ED771F00FC4A97 /* TutorTradeUITests.swift */,
				4AC9503426ED771F00FC4A97 /* Info.plist */,
			);
			path = TutorTradeUITests;
			sourceTree = "<group>";
		};
		4AC9504026ED772F00FC4A97 /* Controllers */ = {
			isa = PBXGroup;
			children = (
				4A29D59427025FDE00D25088 /* Profile */,
				4A29D59327025FA600D25088 /* Matching */,
				4A29D59027025F6E00D25088 /* Chat */,
				4A29D58F27025F6800D25088 /* Request */,
				4AC9501426ED771F00FC4A97 /* TutorTradeTabBarController.swift */,
			);
			path = Controllers;
			sourceTree = "<group>";
		};
		4AC9504226ED774000FC4A97 /* Resources */ = {
			isa = PBXGroup;
			children = (
				5E7EA9B42718E4EA0066B189 /* Assets.xcassets */,
				5E7EA9B22718E49A0066B189 /* Properties.swift */,
			);
			path = Resources;
			sourceTree = "<group>";
		};
		4AC9504426ED776D00FC4A97 /* Models */ = {
			isa = PBXGroup;
			children = (
				4A22D9FE270E231B00E8DA7E /* RequestModel.swift */,
			);
			path = Models;
			sourceTree = "<group>";
		};
		4AC9504526ED778200FC4A97 /* Storyboards */ = {
			isa = PBXGroup;
			children = (
				4AC9501B26ED771F00FC4A97 /* LaunchScreen.storyboard */,
			);
			path = Storyboards;
			sourceTree = "<group>";
		};
		5E7EA9AA2718E3C30066B189 /* Model */ = {
			isa = PBXGroup;
			children = (
				5E7EA9AB2718E3C30066B189 /* AppDisplaySettings.swift */,
				5E7EA9AC2718E3C30066B189 /* Profile */,
				5E7EA9EA271A52B40066B189 /* SubjectsResponse.swift */,
			);
			path = Model;
			sourceTree = "<group>";
		};
		5E7EA9AC2718E3C30066B189 /* Profile */ = {
			isa = PBXGroup;
			children = (
				5E7EA9AD2718E3C30066B189 /* TutorProfile.swift */,
			);
			path = Profile;
			sourceTree = "<group>";
		};
		5E7EA9C02718E6800066B189 /* Views */ = {
			isa = PBXGroup;
			children = (
				5E7EA9C12718E6800066B189 /* Builders */,
				5E7EA9CC2718E6800066B189 /* Profile */,
				5E7EA9D12718E6800066B189 /* Factories */,
			);
			path = Views;
			sourceTree = "<group>";
		};
		5E7EA9C12718E6800066B189 /* Builders */ = {
			isa = PBXGroup;
			children = (
			);
			path = Builders;
			sourceTree = "<group>";
		};
		5E7EA9CC2718E6800066B189 /* Profile */ = {
			isa = PBXGroup;
			children = (
				5E7EA9CD2718E6800066B189 /* TutoringSubjectsScrollView.swift */,
				5E7EA9CE2718E6800066B189 /* NameAndRatingLabel.swift */,
				5E7EA9CF2718E6800066B189 /* BorderedDisplayBox.swift */,
				5E7EA9D02718E6800066B189 /* CircularBorderedImageView.swift */,
			);
			path = Profile;
			sourceTree = "<group>";
		};
		5E7EA9D12718E6800066B189 /* Factories */ = {
			isa = PBXGroup;
			children = (
				5E7EA9D22718E6800066B189 /* ProfilePageFactory.swift */,
				5EF5C4532727517000C74ADF /* SchoolSelectionViewFactory.swift */,
			);
			path = Factories;
			sourceTree = "<group>";
		};
		5E7EA9E12718E6910066B189 /* Extensions */ = {
			isa = PBXGroup;
			children = (
				5E7EA9E22718E6910066B189 /* CoreGraphics.swift */,
			);
			path = Extensions;
			sourceTree = "<group>";
		};
		5ECB1D8027025203005BDD89 /* Fonts */ = {
			isa = PBXGroup;
			children = (
				5E7EA9E42718E7020066B189 /* Roboto-Bold.ttf */,
				5E7EA9A22718E0A40066B189 /* Lato-BoldItalic.ttf */,
				5E7EA9A02718E09B0066B189 /* Lato-Bold.ttf */,
				5E7EA99E2718E0900066B189 /* Lato-BlackItalic.ttf */,
				5E7EA99C2718E08A0066B189 /* Lato-Black.ttf */,
				5ECB1D8527025276005BDD89 /* Dosis-Bold.ttf */,
				5ECB1D8227025276005BDD89 /* Dosis-ExtraBold.ttf */,
				5ECB1D8627025277005BDD89 /* Dosis-ExtraLight.ttf */,
				5ECB1D8327025276005BDD89 /* Dosis-Light.ttf */,
				5ECB1D8427025276005BDD89 /* Dosis-Medium.ttf */,
				5ECB1D8727025277005BDD89 /* Dosis-Regular.ttf */,
				5ECB1D8127025276005BDD89 /* Dosis-SemiBold.ttf */,
			);
			path = Fonts;
			sourceTree = "<group>";
		};
/* End PBXGroup section */

/* Begin PBXNativeTarget section */
		4AC9500C26ED771F00FC4A97 /* TutorTrade */ = {
			isa = PBXNativeTarget;
			buildConfigurationList = 4AC9503726ED771F00FC4A97 /* Build configuration list for PBXNativeTarget "TutorTrade" */;
			buildPhases = (
				4AC9500926ED771F00FC4A97 /* Sources */,
				4AC9500A26ED771F00FC4A97 /* Frameworks */,
				4AC9500B26ED771F00FC4A97 /* Resources */,
			);
			buildRules = (
			);
			dependencies = (
			);
			name = TutorTrade;
			packageProductDependencies = (
				5EF5C44B2720FB2100C74ADF /* Auth0 */,
			);
			productName = TutorTrade;
			productReference = 4AC9500D26ED771F00FC4A97 /* TutorTrade.app */;
			productType = "com.apple.product-type.application";
		};
		4AC9502226ED771F00FC4A97 /* TutorTradeTests */ = {
			isa = PBXNativeTarget;
			buildConfigurationList = 4AC9503A26ED771F00FC4A97 /* Build configuration list for PBXNativeTarget "TutorTradeTests" */;
			buildPhases = (
				4AC9501F26ED771F00FC4A97 /* Sources */,
				4AC9502026ED771F00FC4A97 /* Frameworks */,
				4AC9502126ED771F00FC4A97 /* Resources */,
			);
			buildRules = (
			);
			dependencies = (
				4AC9502526ED771F00FC4A97 /* PBXTargetDependency */,
			);
			name = TutorTradeTests;
			productName = TutorTradeTests;
			productReference = 4AC9502326ED771F00FC4A97 /* TutorTradeTests.xctest */;
			productType = "com.apple.product-type.bundle.unit-test";
		};
		4AC9502D26ED771F00FC4A97 /* TutorTradeUITests */ = {
			isa = PBXNativeTarget;
			buildConfigurationList = 4AC9503D26ED771F00FC4A97 /* Build configuration list for PBXNativeTarget "TutorTradeUITests" */;
			buildPhases = (
				4AC9502A26ED771F00FC4A97 /* Sources */,
				4AC9502B26ED771F00FC4A97 /* Frameworks */,
				4AC9502C26ED771F00FC4A97 /* Resources */,
			);
			buildRules = (
			);
			dependencies = (
				4AC9503026ED771F00FC4A97 /* PBXTargetDependency */,
			);
			name = TutorTradeUITests;
			productName = TutorTradeUITests;
			productReference = 4AC9502E26ED771F00FC4A97 /* TutorTradeUITests.xctest */;
			productType = "com.apple.product-type.bundle.ui-testing";
		};
/* End PBXNativeTarget section */

/* Begin PBXProject section */
		4AC9500526ED771F00FC4A97 /* Project object */ = {
			isa = PBXProject;
			attributes = {
				LastSwiftUpdateCheck = 1250;
				LastUpgradeCheck = 1250;
				TargetAttributes = {
					4AC9500C26ED771F00FC4A97 = {
						CreatedOnToolsVersion = 12.5.1;
					};
					4AC9502226ED771F00FC4A97 = {
						CreatedOnToolsVersion = 12.5.1;
						TestTargetID = 4AC9500C26ED771F00FC4A97;
					};
					4AC9502D26ED771F00FC4A97 = {
						CreatedOnToolsVersion = 12.5.1;
						TestTargetID = 4AC9500C26ED771F00FC4A97;
					};
				};
			};
			buildConfigurationList = 4AC9500826ED771F00FC4A97 /* Build configuration list for PBXProject "TutorTrade" */;
			compatibilityVersion = "Xcode 9.3";
			developmentRegion = en;
			hasScannedForEncodings = 0;
			knownRegions = (
				en,
				Base,
			);
			mainGroup = 4AC9500426ED771F00FC4A97;
			packageReferences = (
				5EF5C44A2720FB2100C74ADF /* XCRemoteSwiftPackageReference "Auth0.swift" */,
			);
			productRefGroup = 4AC9500E26ED771F00FC4A97 /* Products */;
			projectDirPath = "";
			projectRoot = "";
			targets = (
				4AC9500C26ED771F00FC4A97 /* TutorTrade */,
				4AC9502226ED771F00FC4A97 /* TutorTradeTests */,
				4AC9502D26ED771F00FC4A97 /* TutorTradeUITests */,
			);
		};
/* End PBXProject section */

/* Begin PBXResourcesBuildPhase section */
		4AC9500B26ED771F00FC4A97 /* Resources */ = {
			isa = PBXResourcesBuildPhase;
			buildActionMask = 2147483647;
			files = (
				5E7EA9E52718E7480066B189 /* Roboto-Bold.ttf in Resources */,
				5ECB1D8B27025277005BDD89 /* Dosis-Medium.ttf in Resources */,
				5ECB1D8827025277005BDD89 /* Dosis-SemiBold.ttf in Resources */,
				5ECB1D8D27025277005BDD89 /* Dosis-ExtraLight.ttf in Resources */,
				5ECB1D8C27025277005BDD89 /* Dosis-Bold.ttf in Resources */,
				5E7EA9B52718E4EA0066B189 /* Assets.xcassets in Resources */,
				5E7EA99F2718E0900066B189 /* Lato-BlackItalic.ttf in Resources */,
				4AC9501D26ED771F00FC4A97 /* LaunchScreen.storyboard in Resources */,
				5E7EA9A12718E09B0066B189 /* Lato-Bold.ttf in Resources */,
				5ECB1D8E27025277005BDD89 /* Dosis-Regular.ttf in Resources */,
				5EF5C44E2720FE5C00C74ADF /* Auth0.plist in Resources */,
				5ECB1D8927025277005BDD89 /* Dosis-ExtraBold.ttf in Resources */,
				5E7EA99D2718E08A0066B189 /* Lato-Black.ttf in Resources */,
				5ECB1D8A27025277005BDD89 /* Dosis-Light.ttf in Resources */,
				5E7EA9A32718E0A40066B189 /* Lato-BoldItalic.ttf in Resources */,
			);
			runOnlyForDeploymentPostprocessing = 0;
		};
		4AC9502126ED771F00FC4A97 /* Resources */ = {
			isa = PBXResourcesBuildPhase;
			buildActionMask = 2147483647;
			files = (
			);
			runOnlyForDeploymentPostprocessing = 0;
		};
		4AC9502C26ED771F00FC4A97 /* Resources */ = {
			isa = PBXResourcesBuildPhase;
			buildActionMask = 2147483647;
			files = (
			);
			runOnlyForDeploymentPostprocessing = 0;
		};
/* End PBXResourcesBuildPhase section */

/* Begin PBXSourcesBuildPhase section */
		4AC9500926ED771F00FC4A97 /* Sources */ = {
			isa = PBXSourcesBuildPhase;
			buildActionMask = 2147483647;
			files = (
				4A386F3B270F3E2F002BEC06 /* RequestManager.swift in Sources */,
				4A22D9FB270E15E700E8DA7E /* SubmitButtonView.swift in Sources */,
				5E7EA9BD2718E5EC0066B189 /* ProfileController.swift in Sources */,
				4AC9501526ED771F00FC4A97 /* TutorTradeTabBarController.swift in Sources */,
				4ABAC5D3270A0D2E00CBB85B /* UrgencyView.swift in Sources */,
				5E7EA9B32718E49A0066B189 /* Properties.swift in Sources */,
				4A29D5982702601D00D25088 /* MatchingController.swift in Sources */,
				5EF5C4522726F72300C74ADF /* SchoolSelectionViewController.swift in Sources */,
				5EF5C4542727517000C74ADF /* SchoolSelectionViewFactory.swift in Sources */,
				4A4CB600270BA47C00D7D215 /* PointsView.swift in Sources */,
				5E7EA9E02718E6800066B189 /* ProfilePageFactory.swift in Sources */,
				4A29D59C2702603200D25088 /* RequestController.swift in Sources */,
				4AA06BFA2704E4FF00B58926 /* RequestScrollView.swift in Sources */,
				5E7EA9AF2718E3C30066B189 /* TutorProfile.swift in Sources */,
				5E7EA9DE2718E6800066B189 /* BorderedDisplayBox.swift in Sources */,
				5E7EA9EB271A52B40066B189 /* SubjectsResponse.swift in Sources */,
				5E7EA9DD2718E6800066B189 /* NameAndRatingLabel.swift in Sources */,
				4A22D9FD270E17F700E8DA7E /* SubjectView.swift in Sources */,
				5E7EA9E7271900AE0066B189 /* DisplaySettingsManager.swift in Sources */,
				5E7EA9DF2718E6800066B189 /* CircularBorderedImageView.swift in Sources */,
				5E7EA9DC2718E6800066B189 /* TutoringSubjectsScrollView.swift in Sources */,
				4A29D59A2702602700D25088 /* ChatController.swift in Sources */,
				5E7EA9B12718E45B0066B189 /* TutorTradeApplication.swift in Sources */,
				4A22D9FF270E231B00E8DA7E /* RequestModel.swift in Sources */,
				4A2DFD3C27078BA600332EE2 /* PreferredMediumView.swift in Sources */,
				5E7EA9A52718E3250066B189 /* TutorProfileManager.swift in Sources */,
				5E7EA9E32718E6910066B189 /* CoreGraphics.swift in Sources */,
				4A22D9F9270E138200E8DA7E /* DescriptionView.swift in Sources */,
				5E7EA9AE2718E3C30066B189 /* AppDisplaySettings.swift in Sources */,
			);
			runOnlyForDeploymentPostprocessing = 0;
		};
		4AC9501F26ED771F00FC4A97 /* Sources */ = {
			isa = PBXSourcesBuildPhase;
			buildActionMask = 2147483647;
			files = (
				4AC9502826ED771F00FC4A97 /* TutorTradeTests.swift in Sources */,
			);
			runOnlyForDeploymentPostprocessing = 0;
		};
		4AC9502A26ED771F00FC4A97 /* Sources */ = {
			isa = PBXSourcesBuildPhase;
			buildActionMask = 2147483647;
			files = (
				4AC9503326ED771F00FC4A97 /* TutorTradeUITests.swift in Sources */,
			);
			runOnlyForDeploymentPostprocessing = 0;
		};
/* End PBXSourcesBuildPhase section */

/* Begin PBXTargetDependency section */
		4AC9502526ED771F00FC4A97 /* PBXTargetDependency */ = {
			isa = PBXTargetDependency;
			target = 4AC9500C26ED771F00FC4A97 /* TutorTrade */;
			targetProxy = 4AC9502426ED771F00FC4A97 /* PBXContainerItemProxy */;
		};
		4AC9503026ED771F00FC4A97 /* PBXTargetDependency */ = {
			isa = PBXTargetDependency;
			target = 4AC9500C26ED771F00FC4A97 /* TutorTrade */;
			targetProxy = 4AC9502F26ED771F00FC4A97 /* PBXContainerItemProxy */;
		};
/* End PBXTargetDependency section */

/* Begin PBXVariantGroup section */
		4AC9501B26ED771F00FC4A97 /* LaunchScreen.storyboard */ = {
			isa = PBXVariantGroup;
			children = (
				4AC9501C26ED771F00FC4A97 /* Base */,
			);
			name = LaunchScreen.storyboard;
			sourceTree = "<group>";
		};
/* End PBXVariantGroup section */

/* Begin XCBuildConfiguration section */
		4AC9503526ED771F00FC4A97 /* Debug */ = {
			isa = XCBuildConfiguration;
			buildSettings = {
				ALWAYS_SEARCH_USER_PATHS = NO;
				CLANG_ANALYZER_NONNULL = YES;
				CLANG_ANALYZER_NUMBER_OBJECT_CONVERSION = YES_AGGRESSIVE;
				CLANG_CXX_LANGUAGE_STANDARD = "gnu++14";
				CLANG_CXX_LIBRARY = "libc++";
				CLANG_ENABLE_MODULES = YES;
				CLANG_ENABLE_OBJC_ARC = YES;
				CLANG_ENABLE_OBJC_WEAK = YES;
				CLANG_WARN_BLOCK_CAPTURE_AUTORELEASING = YES;
				CLANG_WARN_BOOL_CONVERSION = YES;
				CLANG_WARN_COMMA = YES;
				CLANG_WARN_CONSTANT_CONVERSION = YES;
				CLANG_WARN_DEPRECATED_OBJC_IMPLEMENTATIONS = YES;
				CLANG_WARN_DIRECT_OBJC_ISA_USAGE = YES_ERROR;
				CLANG_WARN_DOCUMENTATION_COMMENTS = YES;
				CLANG_WARN_EMPTY_BODY = YES;
				CLANG_WARN_ENUM_CONVERSION = YES;
				CLANG_WARN_INFINITE_RECURSION = YES;
				CLANG_WARN_INT_CONVERSION = YES;
				CLANG_WARN_NON_LITERAL_NULL_CONVERSION = YES;
				CLANG_WARN_OBJC_IMPLICIT_RETAIN_SELF = YES;
				CLANG_WARN_OBJC_LITERAL_CONVERSION = YES;
				CLANG_WARN_OBJC_ROOT_CLASS = YES_ERROR;
				CLANG_WARN_QUOTED_INCLUDE_IN_FRAMEWORK_HEADER = YES;
				CLANG_WARN_RANGE_LOOP_ANALYSIS = YES;
				CLANG_WARN_STRICT_PROTOTYPES = YES;
				CLANG_WARN_SUSPICIOUS_MOVE = YES;
				CLANG_WARN_UNGUARDED_AVAILABILITY = YES_AGGRESSIVE;
				CLANG_WARN_UNREACHABLE_CODE = YES;
				CLANG_WARN__DUPLICATE_METHOD_MATCH = YES;
				COPY_PHASE_STRIP = NO;
				DEBUG_INFORMATION_FORMAT = dwarf;
				ENABLE_STRICT_OBJC_MSGSEND = YES;
				ENABLE_TESTABILITY = YES;
				GCC_C_LANGUAGE_STANDARD = gnu11;
				GCC_DYNAMIC_NO_PIC = NO;
				GCC_NO_COMMON_BLOCKS = YES;
				GCC_OPTIMIZATION_LEVEL = 0;
				GCC_PREPROCESSOR_DEFINITIONS = (
					"DEBUG=1",
					"$(inherited)",
				);
				GCC_WARN_64_TO_32_BIT_CONVERSION = YES;
				GCC_WARN_ABOUT_RETURN_TYPE = YES_ERROR;
				GCC_WARN_UNDECLARED_SELECTOR = YES;
				GCC_WARN_UNINITIALIZED_AUTOS = YES_AGGRESSIVE;
				GCC_WARN_UNUSED_FUNCTION = YES;
				GCC_WARN_UNUSED_VARIABLE = YES;
				IPHONEOS_DEPLOYMENT_TARGET = 14.5;
				MTL_ENABLE_DEBUG_INFO = INCLUDE_SOURCE;
				MTL_FAST_MATH = YES;
				ONLY_ACTIVE_ARCH = YES;
				SDKROOT = iphoneos;
				SWIFT_ACTIVE_COMPILATION_CONDITIONS = DEBUG;
				SWIFT_OPTIMIZATION_LEVEL = "-Onone";
			};
			name = Debug;
		};
		4AC9503626ED771F00FC4A97 /* Release */ = {
			isa = XCBuildConfiguration;
			buildSettings = {
				ALWAYS_SEARCH_USER_PATHS = NO;
				CLANG_ANALYZER_NONNULL = YES;
				CLANG_ANALYZER_NUMBER_OBJECT_CONVERSION = YES_AGGRESSIVE;
				CLANG_CXX_LANGUAGE_STANDARD = "gnu++14";
				CLANG_CXX_LIBRARY = "libc++";
				CLANG_ENABLE_MODULES = YES;
				CLANG_ENABLE_OBJC_ARC = YES;
				CLANG_ENABLE_OBJC_WEAK = YES;
				CLANG_WARN_BLOCK_CAPTURE_AUTORELEASING = YES;
				CLANG_WARN_BOOL_CONVERSION = YES;
				CLANG_WARN_COMMA = YES;
				CLANG_WARN_CONSTANT_CONVERSION = YES;
				CLANG_WARN_DEPRECATED_OBJC_IMPLEMENTATIONS = YES;
				CLANG_WARN_DIRECT_OBJC_ISA_USAGE = YES_ERROR;
				CLANG_WARN_DOCUMENTATION_COMMENTS = YES;
				CLANG_WARN_EMPTY_BODY = YES;
				CLANG_WARN_ENUM_CONVERSION = YES;
				CLANG_WARN_INFINITE_RECURSION = YES;
				CLANG_WARN_INT_CONVERSION = YES;
				CLANG_WARN_NON_LITERAL_NULL_CONVERSION = YES;
				CLANG_WARN_OBJC_IMPLICIT_RETAIN_SELF = YES;
				CLANG_WARN_OBJC_LITERAL_CONVERSION = YES;
				CLANG_WARN_OBJC_ROOT_CLASS = YES_ERROR;
				CLANG_WARN_QUOTED_INCLUDE_IN_FRAMEWORK_HEADER = YES;
				CLANG_WARN_RANGE_LOOP_ANALYSIS = YES;
				CLANG_WARN_STRICT_PROTOTYPES = YES;
				CLANG_WARN_SUSPICIOUS_MOVE = YES;
				CLANG_WARN_UNGUARDED_AVAILABILITY = YES_AGGRESSIVE;
				CLANG_WARN_UNREACHABLE_CODE = YES;
				CLANG_WARN__DUPLICATE_METHOD_MATCH = YES;
				COPY_PHASE_STRIP = NO;
				DEBUG_INFORMATION_FORMAT = "dwarf-with-dsym";
				ENABLE_NS_ASSERTIONS = NO;
				ENABLE_STRICT_OBJC_MSGSEND = YES;
				GCC_C_LANGUAGE_STANDARD = gnu11;
				GCC_NO_COMMON_BLOCKS = YES;
				GCC_WARN_64_TO_32_BIT_CONVERSION = YES;
				GCC_WARN_ABOUT_RETURN_TYPE = YES_ERROR;
				GCC_WARN_UNDECLARED_SELECTOR = YES;
				GCC_WARN_UNINITIALIZED_AUTOS = YES_AGGRESSIVE;
				GCC_WARN_UNUSED_FUNCTION = YES;
				GCC_WARN_UNUSED_VARIABLE = YES;
				IPHONEOS_DEPLOYMENT_TARGET = 14.5;
				MTL_ENABLE_DEBUG_INFO = NO;
				MTL_FAST_MATH = YES;
				SDKROOT = iphoneos;
				SWIFT_COMPILATION_MODE = wholemodule;
				SWIFT_OPTIMIZATION_LEVEL = "-O";
				VALIDATE_PRODUCT = YES;
			};
			name = Release;
		};
		4AC9503826ED771F00FC4A97 /* Debug */ = {
			isa = XCBuildConfiguration;
			buildSettings = {
				ASSETCATALOG_COMPILER_APPICON_NAME = AppIcon;
				ASSETCATALOG_COMPILER_GLOBAL_ACCENT_COLOR_NAME = AccentColor;
				CODE_SIGN_STYLE = Automatic;
				DEVELOPMENT_TEAM = HZ373Y45DX;
				INFOPLIST_FILE = TutorTrade/Info.plist;
				IPHONEOS_DEPLOYMENT_TARGET = 13.0;
				LD_RUNPATH_SEARCH_PATHS = (
					"$(inherited)",
					"@executable_path/Frameworks",
				);
				PRODUCT_BUNDLE_IDENTIFIER = com.brockdavis;
				PRODUCT_NAME = "$(TARGET_NAME)";
				SWIFT_VERSION = 5.0;
				TARGETED_DEVICE_FAMILY = 1;
			};
			name = Debug;
		};
		4AC9503926ED771F00FC4A97 /* Release */ = {
			isa = XCBuildConfiguration;
			buildSettings = {
				ASSETCATALOG_COMPILER_APPICON_NAME = AppIcon;
				ASSETCATALOG_COMPILER_GLOBAL_ACCENT_COLOR_NAME = AccentColor;
				CODE_SIGN_STYLE = Automatic;
				DEVELOPMENT_TEAM = HZ373Y45DX;
				INFOPLIST_FILE = TutorTrade/Info.plist;
				IPHONEOS_DEPLOYMENT_TARGET = 13.0;
				LD_RUNPATH_SEARCH_PATHS = (
					"$(inherited)",
					"@executable_path/Frameworks",
				);
				PRODUCT_BUNDLE_IDENTIFIER = com.brockdavis;
				PRODUCT_NAME = "$(TARGET_NAME)";
				SWIFT_VERSION = 5.0;
				TARGETED_DEVICE_FAMILY = 1;
			};
			name = Release;
		};
		4AC9503B26ED771F00FC4A97 /* Debug */ = {
			isa = XCBuildConfiguration;
			buildSettings = {
				ALWAYS_EMBED_SWIFT_STANDARD_LIBRARIES = YES;
				BUNDLE_LOADER = "$(TEST_HOST)";
				CODE_SIGN_STYLE = Automatic;
				DEVELOPMENT_TEAM = S5YGMA5VUJ;
				INFOPLIST_FILE = TutorTradeTests/Info.plist;
				IPHONEOS_DEPLOYMENT_TARGET = 14.5;
				LD_RUNPATH_SEARCH_PATHS = (
					"$(inherited)",
					"@executable_path/Frameworks",
					"@loader_path/Frameworks",
				);
				PRODUCT_BUNDLE_IDENTIFIER = PoosdGroup27.TutorTradeTests;
				PRODUCT_NAME = "$(TARGET_NAME)";
				SWIFT_VERSION = 5.0;
				TARGETED_DEVICE_FAMILY = "1,2";
				TEST_HOST = "$(BUILT_PRODUCTS_DIR)/TutorTrade.app/TutorTrade";
			};
			name = Debug;
		};
		4AC9503C26ED771F00FC4A97 /* Release */ = {
			isa = XCBuildConfiguration;
			buildSettings = {
				ALWAYS_EMBED_SWIFT_STANDARD_LIBRARIES = YES;
				BUNDLE_LOADER = "$(TEST_HOST)";
				CODE_SIGN_STYLE = Automatic;
				DEVELOPMENT_TEAM = S5YGMA5VUJ;
				INFOPLIST_FILE = TutorTradeTests/Info.plist;
				IPHONEOS_DEPLOYMENT_TARGET = 14.5;
				LD_RUNPATH_SEARCH_PATHS = (
					"$(inherited)",
					"@executable_path/Frameworks",
					"@loader_path/Frameworks",
				);
				PRODUCT_BUNDLE_IDENTIFIER = PoosdGroup27.TutorTradeTests;
				PRODUCT_NAME = "$(TARGET_NAME)";
				SWIFT_VERSION = 5.0;
				TARGETED_DEVICE_FAMILY = "1,2";
				TEST_HOST = "$(BUILT_PRODUCTS_DIR)/TutorTrade.app/TutorTrade";
			};
			name = Release;
		};
		4AC9503E26ED771F00FC4A97 /* Debug */ = {
			isa = XCBuildConfiguration;
			buildSettings = {
				ALWAYS_EMBED_SWIFT_STANDARD_LIBRARIES = YES;
				CODE_SIGN_STYLE = Automatic;
				DEVELOPMENT_TEAM = S5YGMA5VUJ;
				INFOPLIST_FILE = TutorTradeUITests/Info.plist;
				LD_RUNPATH_SEARCH_PATHS = (
					"$(inherited)",
					"@executable_path/Frameworks",
					"@loader_path/Frameworks",
				);
				PRODUCT_BUNDLE_IDENTIFIER = PoosdGroup27.TutorTradeUITests;
				PRODUCT_NAME = "$(TARGET_NAME)";
				SWIFT_VERSION = 5.0;
				TARGETED_DEVICE_FAMILY = "1,2";
				TEST_TARGET_NAME = TutorTrade;
			};
			name = Debug;
		};
		4AC9503F26ED771F00FC4A97 /* Release */ = {
			isa = XCBuildConfiguration;
			buildSettings = {
				ALWAYS_EMBED_SWIFT_STANDARD_LIBRARIES = YES;
				CODE_SIGN_STYLE = Automatic;
				DEVELOPMENT_TEAM = S5YGMA5VUJ;
				INFOPLIST_FILE = TutorTradeUITests/Info.plist;
				LD_RUNPATH_SEARCH_PATHS = (
					"$(inherited)",
					"@executable_path/Frameworks",
					"@loader_path/Frameworks",
				);
				PRODUCT_BUNDLE_IDENTIFIER = PoosdGroup27.TutorTradeUITests;
				PRODUCT_NAME = "$(TARGET_NAME)";
				SWIFT_VERSION = 5.0;
				TARGETED_DEVICE_FAMILY = "1,2";
				TEST_TARGET_NAME = TutorTrade;
			};
			name = Release;
		};
/* End XCBuildConfiguration section */

/* Begin XCConfigurationList section */
		4AC9500826ED771F00FC4A97 /* Build configuration list for PBXProject "TutorTrade" */ = {
			isa = XCConfigurationList;
			buildConfigurations = (
				4AC9503526ED771F00FC4A97 /* Debug */,
				4AC9503626ED771F00FC4A97 /* Release */,
			);
			defaultConfigurationIsVisible = 0;
			defaultConfigurationName = Release;
		};
		4AC9503726ED771F00FC4A97 /* Build configuration list for PBXNativeTarget "TutorTrade" */ = {
			isa = XCConfigurationList;
			buildConfigurations = (
				4AC9503826ED771F00FC4A97 /* Debug */,
				4AC9503926ED771F00FC4A97 /* Release */,
			);
			defaultConfigurationIsVisible = 0;
			defaultConfigurationName = Release;
		};
		4AC9503A26ED771F00FC4A97 /* Build configuration list for PBXNativeTarget "TutorTradeTests" */ = {
			isa = XCConfigurationList;
			buildConfigurations = (
				4AC9503B26ED771F00FC4A97 /* Debug */,
				4AC9503C26ED771F00FC4A97 /* Release */,
			);
			defaultConfigurationIsVisible = 0;
			defaultConfigurationName = Release;
		};
		4AC9503D26ED771F00FC4A97 /* Build configuration list for PBXNativeTarget "TutorTradeUITests" */ = {
			isa = XCConfigurationList;
			buildConfigurations = (
				4AC9503E26ED771F00FC4A97 /* Debug */,
				4AC9503F26ED771F00FC4A97 /* Release */,
			);
			defaultConfigurationIsVisible = 0;
			defaultConfigurationName = Release;
		};
/* End XCConfigurationList section */

/* Begin XCRemoteSwiftPackageReference section */
		5EF5C44A2720FB2100C74ADF /* XCRemoteSwiftPackageReference "Auth0.swift" */ = {
			isa = XCRemoteSwiftPackageReference;
			repositoryURL = "https://github.com/auth0/Auth0.swift.git";
			requirement = {
				kind = upToNextMajorVersion;
				minimumVersion = 1.0.0;
			};
		};
/* End XCRemoteSwiftPackageReference section */

/* Begin XCSwiftPackageProductDependency section */
		5EF5C44B2720FB2100C74ADF /* Auth0 */ = {
			isa = XCSwiftPackageProductDependency;
			package = 5EF5C44A2720FB2100C74ADF /* XCRemoteSwiftPackageReference "Auth0.swift" */;
			productName = Auth0;
		};
/* End XCSwiftPackageProductDependency section */
	};
	rootObject = 4AC9500526ED771F00FC4A97 /* Project object */;
}
